
Microsoft Visual Studio Solution File, Format Version 9.00
# Visual Studio 2005
Project("{2150E333-8FDC-42A3-9474-1A3956D46DE8}") = "Solution Items", "Solution Items", "{B4393A06-9BF9-48D2-834B-AC4A9A524BCB}"
	ProjectSection(SolutionItems) = preProject
		..\cleaner.build = ..\cleaner.build
		..\go.bat = ..\go.bat
	EndProjectSection
EndProject
Project("{FAE04EC0-301F-11D3-BF4B-00C04F79EFBC}") = "Cint.Cleaner.Console", "Cint.Cleaner.Console\Cint.Cleaner.Console.csproj", "{8F6BD03A-CBF5-4B63-B5B7-C928A90DC9EF}"
EndProject
Project("{FAE04EC0-301F-11D3-BF4B-00C04F79EFBC}") = "Cint.Cleaner.Core", "Cint.Cleaner.Core\Cint.Cleaner.Core.csproj", "{A1BDD349-E20F-4149-BF23-C8808F4F4FF7}"
EndProject
Project("{FAE04EC0-301F-11D3-BF4B-00C04F79EFBC}") = "Cint.Cleaner.Tests", "Cint.Cleaner.Tests\Cint.Cleaner.Tests.csproj", "{30183E01-88AF-49B9-B273-A7DE14C71B1A}"
EndProject
Global
	GlobalSection(SolutionConfigurationPlatforms) = preSolution
		AutomatedDebug|Any CPU = AutomatedDebug|Any CPU
		Debug|Any CPU = Debug|Any CPU
		Release|Any CPU = Release|Any CPU
	EndGlobalSection
	GlobalSection(ProjectConfigurationPlatforms) = postSolution
		{8F6BD03A-CBF5-4B63-B5B7-C928A90DC9EF}.AutomatedDebug|Any CPU.ActiveCfg = AutomatedDebug|Any CPU
		{8F6BD03A-CBF5-4B63-B5B7-C928A90DC9EF}.AutomatedDebug|Any CPU.Build.0 = AutomatedDebug|Any CPU
		{8F6BD03A-CBF5-4B63-B5B7-C928A90DC9EF}.Debug|Any CPU.ActiveCfg = Debug|Any CPU
		{8F6BD03A-CBF5-4B63-B5B7-C928A90DC9EF}.Debug|Any CPU.Build.0 = Debug|Any CPU
		{8F6BD03A-CBF5-4B63-B5B7-C928A90DC9EF}.Release|Any CPU.ActiveCfg = Release|Any CPU
		{8F6BD03A-CBF5-4B63-B5B7-C928A90DC9EF}.Release|Any CPU.Build.0 = Release|Any CPU
		{A1BDD349-E20F-4149-BF23-C8808F4F4FF7}.AutomatedDebug|Any CPU.ActiveCfg = AutomatedDebug|Any CPU
		{A1BDD349-E20F-4149-BF23-C8808F4F4FF7}.AutomatedDebug|Any CPU.Build.0 = AutomatedDebug|Any CPU
		{A1BDD349-E20F-4149-BF23-C8808F4F4FF7}.Debug|Any CPU.ActiveCfg = Debug|Any CPU
		{A1BDD349-E20F-4149-BF23-C8808F4F4FF7}.Debug|Any CPU.Build.0 = Debug|Any CPU
		{A1BDD349-E20F-4149-BF23-C8808F4F4FF7}.Release|Any CPU.ActiveCfg = Release|Any CPU
		{A1BDD349-E20F-4149-BF23-C8808F4F4FF7}.Release|Any CPU.Build.0 = Release|Any CPU
		{30183E01-88AF-49B9-B273-A7DE14C71B1A}.AutomatedDebug|Any CPU.ActiveCfg = AutomatedDebug|Any CPU
		{30183E01-88AF-49B9-B273-A7DE14C71B1A}.AutomatedDebug|Any CPU.Build.0 = AutomatedDebug|Any CPU
		{30183E01-88AF-49B9-B273-A7DE14C71B1A}.Debug|Any CPU.ActiveCfg = Debug|Any CPU
		{30183E01-88AF-49B9-B273-A7DE14C71B1A}.Debug|Any CPU.Build.0 = Debug|Any CPU
		{30183E01-88AF-49B9-B273-A7DE14C71B1A}.Release|Any CPU.ActiveCfg = Release|Any CPU
		{30183E01-88AF-49B9-B273-A7DE14C71B1A}.Release|Any CPU.Build.0 = Release|Any CPU
	EndGlobalSection
	GlobalSection(SolutionProperties) = preSolution
		HideSolutionNode = FALSE
	EndGlobalSection
EndGlobal
