
Microsoft Visual Studio Solution File, Format Version 9.00
# Visual Studio 2005
Project("{FAE04EC0-301F-11D3-BF4B-00C04F79EFBC}") = "ReQtest.MultiplicationTable", "ReQtest.MultiplicationTable\ReQtest.MultiplicationTable.csproj", "{4DE6CA13-5620-4EAC-A952-0488D6B24A30}"
EndProject
Project("{FAE04EC0-301F-11D3-BF4B-00C04F79EFBC}") = "ReQtest.MultiplicationTable.Tests", "ReQtest.MultiplicationTable.Tests\ReQtest.MultiplicationTable.Tests.csproj", "{DC4A2397-82EA-4008-BE7C-10F864FDA605}"
EndProject
Project("{2150E333-8FDC-42A3-9474-1A3956D46DE8}") = "Lib", "Lib", "{A4529EEA-7029-444C-952E-8DD85A9748E5}"
	ProjectSection(SolutionItems) = preProject
		lib\nunit.framework.dll = lib\nunit.framework.dll
	EndProjectSection
EndProject
Global
	GlobalSection(SolutionConfigurationPlatforms) = preSolution
		Debug|Any CPU = Debug|Any CPU
		Release|Any CPU = Release|Any CPU
	EndGlobalSection
	GlobalSection(ProjectConfigurationPlatforms) = postSolution
		{4DE6CA13-5620-4EAC-A952-0488D6B24A30}.Debug|Any CPU.ActiveCfg = Debug|Any CPU
		{4DE6CA13-5620-4EAC-A952-0488D6B24A30}.Debug|Any CPU.Build.0 = Debug|Any CPU
		{4DE6CA13-5620-4EAC-A952-0488D6B24A30}.Release|Any CPU.ActiveCfg = Release|Any CPU
		{4DE6CA13-5620-4EAC-A952-0488D6B24A30}.Release|Any CPU.Build.0 = Release|Any CPU
		{DC4A2397-82EA-4008-BE7C-10F864FDA605}.Debug|Any CPU.ActiveCfg = Debug|Any CPU
		{DC4A2397-82EA-4008-BE7C-10F864FDA605}.Debug|Any CPU.Build.0 = Debug|Any CPU
		{DC4A2397-82EA-4008-BE7C-10F864FDA605}.Release|Any CPU.ActiveCfg = Release|Any CPU
		{DC4A2397-82EA-4008-BE7C-10F864FDA605}.Release|Any CPU.Build.0 = Release|Any CPU
	EndGlobalSection
	GlobalSection(SolutionProperties) = preSolution
		HideSolutionNode = FALSE
	EndGlobalSection
EndGlobal
