
Microsoft Visual Studio Solution File, Format Version 11.00
# Visual Studio 2010
Project("{FAE04EC0-301F-11D3-BF4B-00C04F79EFBC}") = "PowerOfTwo", "PowerOfTwo.csproj", "{8EEDCA5E-3493-4FFB-A89D-EDC77B62330B}"
EndProject
Project("{2150E333-8FDC-42A3-9474-1A3956D46DE8}") = "lib", "lib", "{AA71C71A-7AE9-4439-9CCF-DEEB81837C76}"
	ProjectSection(SolutionItems) = preProject
		lib\nunit.framework.dll = lib\nunit.framework.dll
	EndProjectSection
EndProject
Global
	GlobalSection(SolutionConfigurationPlatforms) = preSolution
		Debug|x86 = Debug|x86
		Release|x86 = Release|x86
	EndGlobalSection
	GlobalSection(ProjectConfigurationPlatforms) = postSolution
		{8EEDCA5E-3493-4FFB-A89D-EDC77B62330B}.Debug|x86.ActiveCfg = Debug|x86
		{8EEDCA5E-3493-4FFB-A89D-EDC77B62330B}.Debug|x86.Build.0 = Debug|x86
		{8EEDCA5E-3493-4FFB-A89D-EDC77B62330B}.Release|x86.ActiveCfg = Release|x86
		{8EEDCA5E-3493-4FFB-A89D-EDC77B62330B}.Release|x86.Build.0 = Release|x86
	EndGlobalSection
	GlobalSection(SolutionProperties) = preSolution
		HideSolutionNode = FALSE
	EndGlobalSection
EndGlobal
